
Microsoft Visual Studio Solution File, Format Version 12.00
# Visual Studio Version 16
VisualStudioVersion = 16.0.28922.388
MinimumVisualStudioVersion = 10.0.40219.1
Project("{8BC9CEB8-8B4A-11D0-8D11-00A0C91BC942}") = "AvianEngine", "AvianEngine.vcxproj", "{3DFD5648-0574-42C5-87CA-8E978E285DBD}"
EndProject
Global
	GlobalSection(SolutionConfigurationPlatforms) = preSolution
		Debug|x86 = Debug|x86
		Release|x86 = Release|x86
	EndGlobalSection
	GlobalSection(ProjectConfigurationPlatforms) = postSolution
		{3DFD5648-0574-42C5-87CA-8E978E285DBD}.Debug|x64.ActiveCfg = Debug|Win32
		{3DFD5648-0574-42C5-87CA-8E978E285DBD}.Debug|x86.ActiveCfg = Debug|Win32
		{3DFD5648-0574-42C5-87CA-8E978E285DBD}.Debug|x86.Build.0 = Debug|Win32
		{3DFD5648-0574-42C5-87CA-8E978E285DBD}.Release|x64.ActiveCfg = Release|Win32
		{3DFD5648-0574-42C5-87CA-8E978E285DBD}.Release|x86.ActiveCfg = Release|Win32
		{3DFD5648-0574-42C5-87CA-8E978E285DBD}.Release|x86.Build.0 = Release|Win32
	EndGlobalSection
	GlobalSection(SolutionProperties) = preSolution
		HideSolutionNode = FALSE
	EndGlobalSection
	GlobalSection(ExtensibilityGlobals) = postSolution
		SolutionGuid = {8BBB7C75-5CD9-4334-ABB6-7141F7A3F239}
	EndGlobalSection
EndGlobal
